
Microsoft Visual Studio Solution File, Format Version 12.00
# Visual Studio Version 16
VisualStudioVersion = 16.0.29519.87
MinimumVisualStudioVersion = 10.0.40219.1
Project("{FAE04EC0-301F-11D3-BF4B-00C04F79EFBC}") = "Bank", "Bank.csproj", "{F37E600F-EC2F-416C-8D74-934A9490E190}"
EndProject
Project("{FAE04EC0-301F-11D3-BF4B-00C04F79EFBC}") = "BankTest", "..\BankTest\BankTest.csproj", "{C22E46E9-A772-4612-BD72-11A3B2C7F562}"
EndProject
Global
	GlobalSection(SolutionConfigurationPlatforms) = preSolution
		Debug|Any CPU = Debug|Any CPU
		Release|Any CPU = Release|Any CPU
	EndGlobalSection
	GlobalSection(ProjectConfigurationPlatforms) = postSolution
		{F37E600F-EC2F-416C-8D74-934A9490E190}.Debug|Any CPU.ActiveCfg = Debug|Any CPU
		{F37E600F-EC2F-416C-8D74-934A9490E190}.Debug|Any CPU.Build.0 = Debug|Any CPU
		{F37E600F-EC2F-416C-8D74-934A9490E190}.Release|Any CPU.ActiveCfg = Release|Any CPU
		{F37E600F-EC2F-416C-8D74-934A9490E190}.Release|Any CPU.Build.0 = Release|Any CPU
		{C22E46E9-A772-4612-BD72-11A3B2C7F562}.Debug|Any CPU.ActiveCfg = Debug|Any CPU
		{C22E46E9-A772-4612-BD72-11A3B2C7F562}.Debug|Any CPU.Build.0 = Debug|Any CPU
		{C22E46E9-A772-4612-BD72-11A3B2C7F562}.Release|Any CPU.ActiveCfg = Release|Any CPU
		{C22E46E9-A772-4612-BD72-11A3B2C7F562}.Release|Any CPU.Build.0 = Release|Any CPU
	EndGlobalSection
	GlobalSection(SolutionProperties) = preSolution
		HideSolutionNode = FALSE
	EndGlobalSection
	GlobalSection(ExtensibilityGlobals) = postSolution
		SolutionGuid = {F46FA98D-94E6-4F1C-8F54-66AC4F5D8B6C}
	EndGlobalSection
EndGlobal
